// !$*UTF8*$!
{
	archiveVersion = 1;
	classes = {
	};
	objectVersion = 50;
	objects = {

/* Begin PBXBuildFile section */
		A29AC986245A3296003353FA /* AppDelegate.swift in Sources */ = {isa = PBXBuildFile; fileRef = A29AC985245A3296003353FA /* AppDelegate.swift */; };
		A29AC98C245A3296003353FA /* GameScene.swift in Sources */ = {isa = PBXBuildFile; fileRef = A29AC98B245A3296003353FA /* GameScene.swift */; };
		A29AC98E245A3296003353FA /* GameViewController.swift in Sources */ = {isa = PBXBuildFile; fileRef = A29AC98D245A3296003353FA /* GameViewController.swift */; };
		A29AC991245A3296003353FA /* Main.storyboard in Resources */ = {isa = PBXBuildFile; fileRef = A29AC98F245A3296003353FA /* Main.storyboard */; };
		A29AC993245A3299003353FA /* Assets.xcassets in Resources */ = {isa = PBXBuildFile; fileRef = A29AC992245A3299003353FA /* Assets.xcassets */; };
		A29AC996245A3299003353FA /* LaunchScreen.storyboard in Resources */ = {isa = PBXBuildFile; fileRef = A29AC994245A3299003353FA /* LaunchScreen.storyboard */; };
		A29AC9A2245A4C07003353FA /* Settings.swift in Sources */ = {isa = PBXBuildFile; fileRef = A29AC9A1245A4C07003353FA /* Settings.swift */; };
		A29AC9A4245A63D2003353FA /* MenuScene.swift in Sources */ = {isa = PBXBuildFile; fileRef = A29AC9A3245A63D2003353FA /* MenuScene.swift */; };
/* End PBXBuildFile section */

/* Begin PBXFileReference section */
		A29AC982245A3296003353FA /* ColorSwitch.app */ = {isa = PBXFileReference; explicitFileType = wrapper.application; includeInIndex = 0; path = ColorSwitch.app; sourceTree = BUILT_PRODUCTS_DIR; };
		A29AC985245A3296003353FA /* AppDelegate.swift */ = {isa = PBXFileReference; lastKnownFileType = sourcecode.swift; path = AppDelegate.swift; sourceTree = "<group>"; };
		A29AC98B245A3296003353FA /* GameScene.swift */ = {isa = PBXFileReference; lastKnownFileType = sourcecode.swift; name = GameScene.swift; path = ../GameScene.swift; sourceTree = "<group>"; };
		A29AC98D245A3296003353FA /* GameViewController.swift */ = {isa = PBXFileReference; lastKnownFileType = sourcecode.swift; name = GameViewController.swift; path = ../GameViewController.swift; sourceTree = "<group>"; };
		A29AC990245A3296003353FA /* Base */ = {isa = PBXFileReference; lastKnownFileType = file.storyboard; name = Base; path = Base.lproj/Main.storyboard; sourceTree = "<group>"; };
		A29AC992245A3299003353FA /* Assets.xcassets */ = {isa = PBXFileReference; lastKnownFileType = folder.assetcatalog; path = Assets.xcassets; sourceTree = "<group>"; };
		A29AC995245A3299003353FA /* Base */ = {isa = PBXFileReference; lastKnownFileType = file.storyboard; name = Base; path = Base.lproj/LaunchScreen.storyboard; sourceTree = "<group>"; };
		A29AC997245A3299003353FA /* Info.plist */ = {isa = PBXFileReference; lastKnownFileType = text.plist.xml; path = Info.plist; sourceTree = "<group>"; };
		A29AC9A1245A4C07003353FA /* Settings.swift */ = {isa = PBXFileReference; lastKnownFileType = sourcecode.swift; path = Settings.swift; sourceTree = "<group>"; };
		A29AC9A3245A63D2003353FA /* MenuScene.swift */ = {isa = PBXFileReference; lastKnownFileType = sourcecode.swift; path = MenuScene.swift; sourceTree = "<group>"; };
/* End PBXFileReference section */

/* Begin PBXFrameworksBuildPhase section */
		A29AC97F245A3296003353FA /* Frameworks */ = {
			isa = PBXFrameworksBuildPhase;
			buildActionMask = 2147483647;
			files = (
			);
			runOnlyForDeploymentPostprocessing = 0;
		};
/* End PBXFrameworksBuildPhase section */

/* Begin PBXGroup section */
		A29AC979245A3296003353FA = {
			isa = PBXGroup;
			children = (
				A29AC984245A3296003353FA /* ColorSwitch */,
				A29AC983245A3296003353FA /* Products */,
			);
			sourceTree = "<group>";
		};
		A29AC983245A3296003353FA /* Products */ = {
			isa = PBXGroup;
			children = (
				A29AC982245A3296003353FA /* ColorSwitch.app */,
			);
			name = Products;
			sourceTree = "<group>";
		};
		A29AC984245A3296003353FA /* ColorSwitch */ = {
			isa = PBXGroup;
			children = (
				A29AC98F245A3296003353FA /* Main.storyboard */,
				A29AC992245A3299003353FA /* Assets.xcassets */,
				A29AC994245A3299003353FA /* LaunchScreen.storyboard */,
				A29AC997245A3299003353FA /* Info.plist */,
				A29AC9A0245A35B6003353FA /* Template */,
				A29AC99F245A357A003353FA /* Assets */,
				A29AC99E245A3533003353FA /* Scenes */,
				A29AC99D245A350B003353FA /* ViewController */,
			);
			path = ColorSwitch;
			sourceTree = "<group>";
		};
		A29AC99D245A350B003353FA /* ViewController */ = {
			isa = PBXGroup;
			children = (
				A29AC98D245A3296003353FA /* GameViewController.swift */,
			);
			path = ViewController;
			sourceTree = "<group>";
		};
		A29AC99E245A3533003353FA /* Scenes */ = {
			isa = PBXGroup;
			children = (
				A29AC98B245A3296003353FA /* GameScene.swift */,
				A29AC9A3245A63D2003353FA /* MenuScene.swift */,
			);
			path = Scenes;
			sourceTree = "<group>";
		};
		A29AC99F245A357A003353FA /* Assets */ = {
			isa = PBXGroup;
			children = (
			);
			path = Assets;
			sourceTree = "<group>";
		};
		A29AC9A0245A35B6003353FA /* Template */ = {
			isa = PBXGroup;
			children = (
				A29AC985245A3296003353FA /* AppDelegate.swift */,
				A29AC9A1245A4C07003353FA /* Settings.swift */,
			);
			path = Template;
			sourceTree = "<group>";
		};
/* End PBXGroup section */

/* Begin PBXNativeTarget section */
		A29AC981245A3296003353FA /* ColorSwitch */ = {
			isa = PBXNativeTarget;
			buildConfigurationList = A29AC99A245A3299003353FA /* Build configuration list for PBXNativeTarget "ColorSwitch" */;
			buildPhases = (
				A29AC97E245A3296003353FA /* Sources */,
				A29AC97F245A3296003353FA /* Frameworks */,
				A29AC980245A3296003353FA /* Resources */,
			);
			buildRules = (
			);
			dependencies = (
			);
			name = ColorSwitch;
			productName = ColorSwitch;
			productReference = A29AC982245A3296003353FA /* ColorSwitch.app */;
			productType = "com.apple.product-type.application";
		};
/* End PBXNativeTarget section */

/* Begin PBXProject section */
		A29AC97A245A3296003353FA /* Project object */ = {
			isa = PBXProject;
			attributes = {
				LastSwiftUpdateCheck = 1140;
				LastUpgradeCheck = 1140;
				ORGANIZATIONNAME = "Mitchell Developer";
				TargetAttributes = {
					A29AC981245A3296003353FA = {
						CreatedOnToolsVersion = 11.4;
					};
				};
			};
			buildConfigurationList = A29AC97D245A3296003353FA /* Build configuration list for PBXProject "ColorSwitch" */;
			compatibilityVersion = "Xcode 9.3";
			developmentRegion = en;
			hasScannedForEncodings = 0;
			knownRegions = (
				en,
				Base,
			);
			mainGroup = A29AC979245A3296003353FA;
			productRefGroup = A29AC983245A3296003353FA /* Products */;
			projectDirPath = "";
			projectRoot = "";
			targets = (
				A29AC981245A3296003353FA /* ColorSwitch */,
			);
		};
/* End PBXProject section */

/* Begin PBXResourcesBuildPhase section */
		A29AC980245A3296003353FA /* Resources */ = {
			isa = PBXResourcesBuildPhase;
			buildActionMask = 2147483647;
			files = (
				A29AC991245A3296003353FA /* Main.storyboard in Resources */,
				A29AC993245A3299003353FA /* Assets.xcassets in Resources */,
				A29AC996245A3299003353FA /* LaunchScreen.storyboard in Resources */,
			);
			runOnlyForDeploymentPostprocessing = 0;
		};
/* End PBXResourcesBuildPhase section */

/* Begin PBXSourcesBuildPhase section */
		A29AC97E245A3296003353FA /* Sources */ = {
			isa = PBXSourcesBuildPhase;
			buildActionMask = 2147483647;
			files = (
				A29AC98C245A3296003353FA /* GameScene.swift in Sources */,
				A29AC98E245A3296003353FA /* GameViewController.swift in Sources */,
				A29AC9A4245A63D2003353FA /* MenuScene.swift in Sources */,
				A29AC9A2245A4C07003353FA /* Settings.swift in Sources */,
				A29AC986245A3296003353FA /* AppDelegate.swift in Sources */,
			);
			runOnlyForDeploymentPostprocessing = 0;
		};
/* End PBXSourcesBuildPhase section */

/* Begin PBXVariantGroup section */
		A29AC98F245A3296003353FA /* Main.storyboard */ = {
			isa = PBXVariantGroup;
			children = (
				A29AC990245A3296003353FA /* Base */,
			);
			name = Main.storyboard;
			sourceTree = "<group>";
		};
		A29AC994245A3299003353FA /* LaunchScreen.storyboard */ = {
			isa = PBXVariantGroup;
			children = (
				A29AC995245A3299003353FA /* Base */,
			);
			name = LaunchScreen.storyboard;
			sourceTree = "<group>";
		};
/* End PBXVariantGroup section */

/* Begin XCBuildConfiguration section */
		A29AC998245A3299003353FA /* Debug */ = {
			isa = XCBuildConfiguration;
			buildSettings = {
				ALWAYS_SEARCH_USER_PATHS = NO;
				CLANG_ANALYZER_NONNULL = YES;
				CLANG_ANALYZER_NUMBER_OBJECT_CONVERSION = YES_AGGRESSIVE;
				CLANG_CXX_LANGUAGE_STANDARD = "gnu++14";
				CLANG_CXX_LIBRARY = "libc++";
				CLANG_ENABLE_MODULES = YES;
				CLANG_ENABLE_OBJC_ARC = YES;
				CLANG_ENABLE_OBJC_WEAK = YES;
				CLANG_WARN_BLOCK_CAPTURE_AUTORELEASING = YES;
				CLANG_WARN_BOOL_CONVERSION = YES;
				CLANG_WARN_COMMA = YES;
				CLANG_WARN_CONSTANT_CONVERSION = YES;
				CLANG_WARN_DEPRECATED_OBJC_IMPLEMENTATIONS = YES;
				CLANG_WARN_DIRECT_OBJC_ISA_USAGE = YES_ERROR;
				CLANG_WARN_DOCUMENTATION_COMMENTS = YES;
				CLANG_WARN_EMPTY_BODY = YES;
				CLANG_WARN_ENUM_CONVERSION = YES;
				CLANG_WARN_INFINITE_RECURSION = YES;
				CLANG_WARN_INT_CONVERSION = YES;
				CLANG_WARN_NON_LITERAL_NULL_CONVERSION = YES;
				CLANG_WARN_OBJC_IMPLICIT_RETAIN_SELF = YES;
				CLANG_WARN_OBJC_LITERAL_CONVERSION = YES;
				CLANG_WARN_OBJC_ROOT_CLASS = YES_ERROR;
				CLANG_WARN_RANGE_LOOP_ANALYSIS = YES;
				CLANG_WARN_STRICT_PROTOTYPES = YES;
				CLANG_WARN_SUSPICIOUS_MOVE = YES;
				CLANG_WARN_UNGUARDED_AVAILABILITY = YES_AGGRESSIVE;
				CLANG_WARN_UNREACHABLE_CODE = YES;
				CLANG_WARN__DUPLICATE_METHOD_MATCH = YES;
				COPY_PHASE_STRIP = NO;
				DEBUG_INFORMATION_FORMAT = dwarf;
				ENABLE_STRICT_OBJC_MSGSEND = YES;
				ENABLE_TESTABILITY = YES;
				GCC_C_LANGUAGE_STANDARD = gnu11;
				GCC_DYNAMIC_NO_PIC = NO;
				GCC_NO_COMMON_BLOCKS = YES;
				GCC_OPTIMIZATION_LEVEL = 0;
				GCC_PREPROCESSOR_DEFINITIONS = (
					"DEBUG=1",
					"$(inherited)",
				);
				GCC_WARN_64_TO_32_BIT_CONVERSION = YES;
				GCC_WARN_ABOUT_RETURN_TYPE = YES_ERROR;
				GCC_WARN_UNDECLARED_SELECTOR = YES;
				GCC_WARN_UNINITIALIZED_AUTOS = YES_AGGRESSIVE;
				GCC_WARN_UNUSED_FUNCTION = YES;
				GCC_WARN_UNUSED_VARIABLE = YES;
				IPHONEOS_DEPLOYMENT_TARGET = 13.4;
				MTL_ENABLE_DEBUG_INFO = INCLUDE_SOURCE;
				MTL_FAST_MATH = YES;
				ONLY_ACTIVE_ARCH = YES;
				SDKROOT = iphoneos;
				SWIFT_ACTIVE_COMPILATION_CONDITIONS = DEBUG;
				SWIFT_OPTIMIZATION_LEVEL = "-Onone";
			};
			name = Debug;
		};
		A29AC999245A3299003353FA /* Release */ = {
			isa = XCBuildConfiguration;
			buildSettings = {
				ALWAYS_SEARCH_USER_PATHS = NO;
				CLANG_ANALYZER_NONNULL = YES;
				CLANG_ANALYZER_NUMBER_OBJECT_CONVERSION = YES_AGGRESSIVE;
				CLANG_CXX_LANGUAGE_STANDARD = "gnu++14";
				CLANG_CXX_LIBRARY = "libc++";
				CLANG_ENABLE_MODULES = YES;
				CLANG_ENABLE_OBJC_ARC = YES;
				CLANG_ENABLE_OBJC_WEAK = YES;
				CLANG_WARN_BLOCK_CAPTURE_AUTORELEASING = YES;
				CLANG_WARN_BOOL_CONVERSION = YES;
				CLANG_WARN_COMMA = YES;
				CLANG_WARN_CONSTANT_CONVERSION = YES;
				CLANG_WARN_DEPRECATED_OBJC_IMPLEMENTATIONS = YES;
				CLANG_WARN_DIRECT_OBJC_ISA_USAGE = YES_ERROR;
				CLANG_WARN_DOCUMENTATION_COMMENTS = YES;
				CLANG_WARN_EMPTY_BODY = YES;
				CLANG_WARN_ENUM_CONVERSION = YES;
				CLANG_WARN_INFINITE_RECURSION = YES;
				CLANG_WARN_INT_CONVERSION = YES;
				CLANG_WARN_NON_LITERAL_NULL_CONVERSION = YES;
				CLANG_WARN_OBJC_IMPLICIT_RETAIN_SELF = YES;
				CLANG_WARN_OBJC_LITERAL_CONVERSION = YES;
				CLANG_WARN_OBJC_ROOT_CLASS = YES_ERROR;
				CLANG_WARN_RANGE_LOOP_ANALYSIS = YES;
				CLANG_WARN_STRICT_PROTOTYPES = YES;
				CLANG_WARN_SUSPICIOUS_MOVE = YES;
				CLANG_WARN_UNGUARDED_AVAILABILITY = YES_AGGRESSIVE;
				CLANG_WARN_UNREACHABLE_CODE = YES;
				CLANG_WARN__DUPLICATE_METHOD_MATCH = YES;
				COPY_PHASE_STRIP = NO;
				DEBUG_INFORMATION_FORMAT = "dwarf-with-dsym";
				ENABLE_NS_ASSERTIONS = NO;
				ENABLE_STRICT_OBJC_MSGSEND = YES;
				GCC_C_LANGUAGE_STANDARD = gnu11;
				GCC_NO_COMMON_BLOCKS = YES;
				GCC_WARN_64_TO_32_BIT_CONVERSION = YES;
				GCC_WARN_ABOUT_RETURN_TYPE = YES_ERROR;
				GCC_WARN_UNDECLARED_SELECTOR = YES;
				GCC_WARN_UNINITIALIZED_AUTOS = YES_AGGRESSIVE;
				GCC_WARN_UNUSED_FUNCTION = YES;
				GCC_WARN_UNUSED_VARIABLE = YES;
				IPHONEOS_DEPLOYMENT_TARGET = 13.4;
				MTL_ENABLE_DEBUG_INFO = NO;
				MTL_FAST_MATH = YES;
				SDKROOT = iphoneos;
				SWIFT_COMPILATION_MODE = wholemodule;
				SWIFT_OPTIMIZATION_LEVEL = "-O";
				VALIDATE_PRODUCT = YES;
			};
			name = Release;
		};
		A29AC99B245A3299003353FA /* Debug */ = {
			isa = XCBuildConfiguration;
			buildSettings = {
				ASSETCATALOG_COMPILER_APPICON_NAME = AppIcon;
				CODE_SIGN_STYLE = Automatic;
				INFOPLIST_FILE = ColorSwitch/Info.plist;
				LD_RUNPATH_SEARCH_PATHS = (
					"$(inherited)",
					"@executable_path/Frameworks",
				);
				PRODUCT_BUNDLE_IDENTIFIER = mitch.ColorSwitch;
				PRODUCT_NAME = "$(TARGET_NAME)";
				SWIFT_VERSION = 5.0;
				TARGETED_DEVICE_FAMILY = "1,2";
			};
			name = Debug;
		};
		A29AC99C245A3299003353FA /* Release */ = {
			isa = XCBuildConfiguration;
			buildSettings = {
				ASSETCATALOG_COMPILER_APPICON_NAME = AppIcon;
				CODE_SIGN_STYLE = Automatic;
				INFOPLIST_FILE = ColorSwitch/Info.plist;
				LD_RUNPATH_SEARCH_PATHS = (
					"$(inherited)",
					"@executable_path/Frameworks",
				);
				PRODUCT_BUNDLE_IDENTIFIER = mitch.ColorSwitch;
				PRODUCT_NAME = "$(TARGET_NAME)";
				SWIFT_VERSION = 5.0;
				TARGETED_DEVICE_FAMILY = "1,2";
			};
			name = Release;
		};
/* End XCBuildConfiguration section */

/* Begin XCConfigurationList section */
		A29AC97D245A3296003353FA /* Build configuration list for PBXProject "ColorSwitch" */ = {
			isa = XCConfigurationList;
			buildConfigurations = (
				A29AC998245A3299003353FA /* Debug */,
				A29AC999245A3299003353FA /* Release */,
			);
			defaultConfigurationIsVisible = 0;
			defaultConfigurationName = Release;
		};
		A29AC99A245A3299003353FA /* Build configuration list for PBXNativeTarget "ColorSwitch" */ = {
			isa = XCConfigurationList;
			buildConfigurations = (
				A29AC99B245A3299003353FA /* Debug */,
				A29AC99C245A3299003353FA /* Release */,
			);
			defaultConfigurationIsVisible = 0;
			defaultConfigurationName = Release;
		};
/* End XCConfigurationList section */
	};
	rootObject = A29AC97A245A3296003353FA /* Project object */;
}
